
Microsoft Visual Studio Solution File, Format Version 12.00
# Visual Studio Version 17
VisualStudioVersion = 17.2.32602.215
MinimumVisualStudioVersion = 10.0.40219.1
Project("{9A19103F-16F7-4668-BE54-9A1E7A4F7556}") = "MyrspovenAssignment", "MyrspovenAssignment\MyrspovenAssignment.csproj", "{2B43437D-A745-4F6C-9583-36EB74CC8D82}"
EndProject
Project("{FAE04EC0-301F-11D3-BF4B-00C04F79EFBC}") = "MyrspovenAssignment.Infrastructure", "MyrspovenAssignment.Infrastructure\MyrspovenAssignment.Infrastructure.csproj", "{D4298CCA-6FCB-40AD-88EE-2FE55DDF1402}"
EndProject
Global
	GlobalSection(SolutionConfigurationPlatforms) = preSolution
		Debug|Any CPU = Debug|Any CPU
		Release|Any CPU = Release|Any CPU
	EndGlobalSection
	GlobalSection(ProjectConfigurationPlatforms) = postSolution
		{2B43437D-A745-4F6C-9583-36EB74CC8D82}.Debug|Any CPU.ActiveCfg = Debug|Any CPU
		{2B43437D-A745-4F6C-9583-36EB74CC8D82}.Debug|Any CPU.Build.0 = Debug|Any CPU
		{2B43437D-A745-4F6C-9583-36EB74CC8D82}.Release|Any CPU.ActiveCfg = Release|Any CPU
		{2B43437D-A745-4F6C-9583-36EB74CC8D82}.Release|Any CPU.Build.0 = Release|Any CPU
		{D4298CCA-6FCB-40AD-88EE-2FE55DDF1402}.Debug|Any CPU.ActiveCfg = Debug|Any CPU
		{D4298CCA-6FCB-40AD-88EE-2FE55DDF1402}.Debug|Any CPU.Build.0 = Debug|Any CPU
		{D4298CCA-6FCB-40AD-88EE-2FE55DDF1402}.Release|Any CPU.ActiveCfg = Release|Any CPU
		{D4298CCA-6FCB-40AD-88EE-2FE55DDF1402}.Release|Any CPU.Build.0 = Release|Any CPU
	EndGlobalSection
	GlobalSection(SolutionProperties) = preSolution
		HideSolutionNode = FALSE
	EndGlobalSection
	GlobalSection(ExtensibilityGlobals) = postSolution
		SolutionGuid = {8C158DA7-5443-4230-AB8A-EBFC60A67E95}
	EndGlobalSection
EndGlobal
